// !$*UTF8*$!
{
	archiveVersion = 1;
	classes = {
	};
	objectVersion = 46;
	objects = {

/* Begin PBXBuildFile section */
		2A7C9715F91B48D312933AED /* Pods_testOCRAppTests.framework in Frameworks */ = {isa = PBXBuildFile; fileRef = 6BD36B0B0FACEC530C99C1F3 /* Pods_testOCRAppTests.framework */; };
		5CFB31C01EB7DC6A007C9872 /* AppDelegate.swift in Sources */ = {isa = PBXBuildFile; fileRef = 5CFB31BF1EB7DC6A007C9872 /* AppDelegate.swift */; };
		5CFB31C21EB7DC6A007C9872 /* ViewController.swift in Sources */ = {isa = PBXBuildFile; fileRef = 5CFB31C11EB7DC6A007C9872 /* ViewController.swift */; };
		5CFB31C51EB7DC6A007C9872 /* Main.storyboard in Resources */ = {isa = PBXBuildFile; fileRef = 5CFB31C31EB7DC6A007C9872 /* Main.storyboard */; };
		5CFB31C81EB7DC6A007C9872 /* testOCRApp.xcdatamodeld in Sources */ = {isa = PBXBuildFile; fileRef = 5CFB31C61EB7DC6A007C9872 /* testOCRApp.xcdatamodeld */; };
		5CFB31CA1EB7DC6A007C9872 /* Assets.xcassets in Resources */ = {isa = PBXBuildFile; fileRef = 5CFB31C91EB7DC6A007C9872 /* Assets.xcassets */; };
		5CFB31CD1EB7DC6A007C9872 /* LaunchScreen.storyboard in Resources */ = {isa = PBXBuildFile; fileRef = 5CFB31CB1EB7DC6A007C9872 /* LaunchScreen.storyboard */; };
		5CFB31D81EB7DC6A007C9872 /* testOCRAppTests.swift in Sources */ = {isa = PBXBuildFile; fileRef = 5CFB31D71EB7DC6A007C9872 /* testOCRAppTests.swift */; };
		5CFB31E31EB7DC6A007C9872 /* testOCRAppUITests.swift in Sources */ = {isa = PBXBuildFile; fileRef = 5CFB31E21EB7DC6A007C9872 /* testOCRAppUITests.swift */; };
		5CFB31F11EB7DD36007C9872 /* testOCRApp in Resources */ = {isa = PBXBuildFile; fileRef = 5CFB31F01EB7DD36007C9872 /* testOCRApp */; };
		660B4FAA61D324996B0BE4C1 /* Pods_testOCRApp.framework in Frameworks */ = {isa = PBXBuildFile; fileRef = 07EE72D447848B2C31449050 /* Pods_testOCRApp.framework */; };
		B2B42A388D672128F353E2F4 /* Pods_testOCRAppUITests.framework in Frameworks */ = {isa = PBXBuildFile; fileRef = 26DC1C19E4D1F497408D04C1 /* Pods_testOCRAppUITests.framework */; };
/* End PBXBuildFile section */

/* Begin PBXContainerItemProxy section */
		5CFB31D41EB7DC6A007C9872 /* PBXContainerItemProxy */ = {
			isa = PBXContainerItemProxy;
			containerPortal = 5CFB31B41EB7DC6A007C9872 /* Project object */;
			proxyType = 1;
			remoteGlobalIDString = 5CFB31BB1EB7DC6A007C9872;
			remoteInfo = testOCRApp;
		};
		5CFB31DF1EB7DC6A007C9872 /* PBXContainerItemProxy */ = {
			isa = PBXContainerItemProxy;
			containerPortal = 5CFB31B41EB7DC6A007C9872 /* Project object */;
			proxyType = 1;
			remoteGlobalIDString = 5CFB31BB1EB7DC6A007C9872;
			remoteInfo = testOCRApp;
		};
/* End PBXContainerItemProxy section */

/* Begin PBXFileReference section */
		07EE72D447848B2C31449050 /* Pods_testOCRApp.framework */ = {isa = PBXFileReference; explicitFileType = wrapper.framework; includeInIndex = 0; path = Pods_testOCRApp.framework; sourceTree = BUILT_PRODUCTS_DIR; };
		247D562282B321E555DCE47D /* Pods-testOCRApp.debug.xcconfig */ = {isa = PBXFileReference; includeInIndex = 1; lastKnownFileType = text.xcconfig; name = "Pods-testOCRApp.debug.xcconfig"; path = "Pods/Target Support Files/Pods-testOCRApp/Pods-testOCRApp.debug.xcconfig"; sourceTree = "<group>"; };
		26DC1C19E4D1F497408D04C1 /* Pods_testOCRAppUITests.framework */ = {isa = PBXFileReference; explicitFileType = wrapper.framework; includeInIndex = 0; path = Pods_testOCRAppUITests.framework; sourceTree = BUILT_PRODUCTS_DIR; };
		5CFB31BC1EB7DC6A007C9872 /* testOCRApp.app */ = {isa = PBXFileReference; explicitFileType = wrapper.application; includeInIndex = 0; path = testOCRApp.app; sourceTree = BUILT_PRODUCTS_DIR; };
		5CFB31BF1EB7DC6A007C9872 /* AppDelegate.swift */ = {isa = PBXFileReference; lastKnownFileType = sourcecode.swift; path = AppDelegate.swift; sourceTree = "<group>"; };
		5CFB31C11EB7DC6A007C9872 /* ViewController.swift */ = {isa = PBXFileReference; lastKnownFileType = sourcecode.swift; path = ViewController.swift; sourceTree = "<group>"; };
		5CFB31C41EB7DC6A007C9872 /* Base */ = {isa = PBXFileReference; lastKnownFileType = file.storyboard; name = Base; path = Base.lproj/Main.storyboard; sourceTree = "<group>"; };
		5CFB31C71EB7DC6A007C9872 /* testOCRApp.xcdatamodel */ = {isa = PBXFileReference; lastKnownFileType = wrapper.xcdatamodel; path = testOCRApp.xcdatamodel; sourceTree = "<group>"; };
		5CFB31C91EB7DC6A007C9872 /* Assets.xcassets */ = {isa = PBXFileReference; lastKnownFileType = folder.assetcatalog; path = Assets.xcassets; sourceTree = "<group>"; };
		5CFB31CC1EB7DC6A007C9872 /* Base */ = {isa = PBXFileReference; lastKnownFileType = file.storyboard; name = Base; path = Base.lproj/LaunchScreen.storyboard; sourceTree = "<group>"; };
		5CFB31CE1EB7DC6A007C9872 /* Info.plist */ = {isa = PBXFileReference; lastKnownFileType = text.plist.xml; path = Info.plist; sourceTree = "<group>"; };
		5CFB31D31EB7DC6A007C9872 /* testOCRAppTests.xctest */ = {isa = PBXFileReference; explicitFileType = wrapper.cfbundle; includeInIndex = 0; path = testOCRAppTests.xctest; sourceTree = BUILT_PRODUCTS_DIR; };
		5CFB31D71EB7DC6A007C9872 /* testOCRAppTests.swift */ = {isa = PBXFileReference; lastKnownFileType = sourcecode.swift; path = testOCRAppTests.swift; sourceTree = "<group>"; };
		5CFB31D91EB7DC6A007C9872 /* Info.plist */ = {isa = PBXFileReference; lastKnownFileType = text.plist.xml; path = Info.plist; sourceTree = "<group>"; };
		5CFB31DE1EB7DC6A007C9872 /* testOCRAppUITests.xctest */ = {isa = PBXFileReference; explicitFileType = wrapper.cfbundle; includeInIndex = 0; path = testOCRAppUITests.xctest; sourceTree = BUILT_PRODUCTS_DIR; };
		5CFB31E21EB7DC6A007C9872 /* testOCRAppUITests.swift */ = {isa = PBXFileReference; lastKnownFileType = sourcecode.swift; path = testOCRAppUITests.swift; sourceTree = "<group>"; };
		5CFB31E41EB7DC6A007C9872 /* Info.plist */ = {isa = PBXFileReference; lastKnownFileType = text.plist.xml; path = Info.plist; sourceTree = "<group>"; };
		5CFB31F01EB7DD36007C9872 /* testOCRApp */ = {isa = PBXFileReference; lastKnownFileType = folder; path = testOCRApp; sourceTree = "<group>"; };
		5E7E49ED7F2129BC2DC2D666 /* Pods-testOCRAppTests.release.xcconfig */ = {isa = PBXFileReference; includeInIndex = 1; lastKnownFileType = text.xcconfig; name = "Pods-testOCRAppTests.release.xcconfig"; path = "Pods/Target Support Files/Pods-testOCRAppTests/Pods-testOCRAppTests.release.xcconfig"; sourceTree = "<group>"; };
		6BD36B0B0FACEC530C99C1F3 /* Pods_testOCRAppTests.framework */ = {isa = PBXFileReference; explicitFileType = wrapper.framework; includeInIndex = 0; path = Pods_testOCRAppTests.framework; sourceTree = BUILT_PRODUCTS_DIR; };
		8E67B4FE2D43E626D95C38FA /* Pods-testOCRAppTests.debug.xcconfig */ = {isa = PBXFileReference; includeInIndex = 1; lastKnownFileType = text.xcconfig; name = "Pods-testOCRAppTests.debug.xcconfig"; path = "Pods/Target Support Files/Pods-testOCRAppTests/Pods-testOCRAppTests.debug.xcconfig"; sourceTree = "<group>"; };
		8FBC3045CB9598F61F5713AB /* Pods-testOCRAppUITests.release.xcconfig */ = {isa = PBXFileReference; includeInIndex = 1; lastKnownFileType = text.xcconfig; name = "Pods-testOCRAppUITests.release.xcconfig"; path = "Pods/Target Support Files/Pods-testOCRAppUITests/Pods-testOCRAppUITests.release.xcconfig"; sourceTree = "<group>"; };
		A8341130614B758BB05C1EEC /* Pods-testOCRApp.release.xcconfig */ = {isa = PBXFileReference; includeInIndex = 1; lastKnownFileType = text.xcconfig; name = "Pods-testOCRApp.release.xcconfig"; path = "Pods/Target Support Files/Pods-testOCRApp/Pods-testOCRApp.release.xcconfig"; sourceTree = "<group>"; };
		B28CDC6EDCA5E408AFEF6BC1 /* Pods-testOCRAppUITests.debug.xcconfig */ = {isa = PBXFileReference; includeInIndex = 1; lastKnownFileType = text.xcconfig; name = "Pods-testOCRAppUITests.debug.xcconfig"; path = "Pods/Target Support Files/Pods-testOCRAppUITests/Pods-testOCRAppUITests.debug.xcconfig"; sourceTree = "<group>"; };
/* End PBXFileReference section */

/* Begin PBXFrameworksBuildPhase section */
		5CFB31B91EB7DC6A007C9872 /* Frameworks */ = {
			isa = PBXFrameworksBuildPhase;
			buildActionMask = 2147483647;
			files = (
				660B4FAA61D324996B0BE4C1 /* Pods_testOCRApp.framework in Frameworks */,
			);
			runOnlyForDeploymentPostprocessing = 0;
		};
		5CFB31D01EB7DC6A007C9872 /* Frameworks */ = {
			isa = PBXFrameworksBuildPhase;
			buildActionMask = 2147483647;
			files = (
				2A7C9715F91B48D312933AED /* Pods_testOCRAppTests.framework in Frameworks */,
			);
			runOnlyForDeploymentPostprocessing = 0;
		};
		5CFB31DB1EB7DC6A007C9872 /* Frameworks */ = {
			isa = PBXFrameworksBuildPhase;
			buildActionMask = 2147483647;
			files = (
				B2B42A388D672128F353E2F4 /* Pods_testOCRAppUITests.framework in Frameworks */,
			);
			runOnlyForDeploymentPostprocessing = 0;
		};
/* End PBXFrameworksBuildPhase section */

/* Begin PBXGroup section */
		033A794F2AC98C7C386413DA /* Frameworks */ = {
			isa = PBXGroup;
			children = (
				07EE72D447848B2C31449050 /* Pods_testOCRApp.framework */,
				6BD36B0B0FACEC530C99C1F3 /* Pods_testOCRAppTests.framework */,
				26DC1C19E4D1F497408D04C1 /* Pods_testOCRAppUITests.framework */,
			);
			name = Frameworks;
			sourceTree = "<group>";
		};
		5CFB31B31EB7DC6A007C9872 = {
			isa = PBXGroup;
			children = (
				5CFB31F01EB7DD36007C9872 /* testOCRApp */,
				5CFB31BE1EB7DC6A007C9872 /* testOCRApp */,
				5CFB31D61EB7DC6A007C9872 /* testOCRAppTests */,
				5CFB31E11EB7DC6A007C9872 /* testOCRAppUITests */,
				5CFB31BD1EB7DC6A007C9872 /* Products */,
				945C4C8A67834C03AFF11768 /* Pods */,
				033A794F2AC98C7C386413DA /* Frameworks */,
			);
			sourceTree = "<group>";
		};
		5CFB31BD1EB7DC6A007C9872 /* Products */ = {
			isa = PBXGroup;
			children = (
				5CFB31BC1EB7DC6A007C9872 /* testOCRApp.app */,
				5CFB31D31EB7DC6A007C9872 /* testOCRAppTests.xctest */,
				5CFB31DE1EB7DC6A007C9872 /* testOCRAppUITests.xctest */,
			);
			name = Products;
			sourceTree = "<group>";
		};
		5CFB31BE1EB7DC6A007C9872 /* testOCRApp */ = {
			isa = PBXGroup;
			children = (
				5CFB31BF1EB7DC6A007C9872 /* AppDelegate.swift */,
				5CFB31C11EB7DC6A007C9872 /* ViewController.swift */,
				5CFB31C31EB7DC6A007C9872 /* Main.storyboard */,
				5CFB31C91EB7DC6A007C9872 /* Assets.xcassets */,
				5CFB31CB1EB7DC6A007C9872 /* LaunchScreen.storyboard */,
				5CFB31CE1EB7DC6A007C9872 /* Info.plist */,
				5CFB31C61EB7DC6A007C9872 /* testOCRApp.xcdatamodeld */,
			);
			path = testOCRApp;
			sourceTree = "<group>";
		};
		5CFB31D61EB7DC6A007C9872 /* testOCRAppTests */ = {
			isa = PBXGroup;
			children = (
				5CFB31D71EB7DC6A007C9872 /* testOCRAppTests.swift */,
				5CFB31D91EB7DC6A007C9872 /* Info.plist */,
			);
			path = testOCRAppTests;
			sourceTree = "<group>";
		};
		5CFB31E11EB7DC6A007C9872 /* testOCRAppUITests */ = {
			isa = PBXGroup;
			children = (
				5CFB31E21EB7DC6A007C9872 /* testOCRAppUITests.swift */,
				5CFB31E41EB7DC6A007C9872 /* Info.plist */,
			);
			path = testOCRAppUITests;
			sourceTree = "<group>";
		};
		945C4C8A67834C03AFF11768 /* Pods */ = {
			isa = PBXGroup;
			children = (
				247D562282B321E555DCE47D /* Pods-testOCRApp.debug.xcconfig */,
				A8341130614B758BB05C1EEC /* Pods-testOCRApp.release.xcconfig */,
				8E67B4FE2D43E626D95C38FA /* Pods-testOCRAppTests.debug.xcconfig */,
				5E7E49ED7F2129BC2DC2D666 /* Pods-testOCRAppTests.release.xcconfig */,
				B28CDC6EDCA5E408AFEF6BC1 /* Pods-testOCRAppUITests.debug.xcconfig */,
				8FBC3045CB9598F61F5713AB /* Pods-testOCRAppUITests.release.xcconfig */,
			);
			name = Pods;
			sourceTree = "<group>";
		};
/* End PBXGroup section */

/* Begin PBXNativeTarget section */
		5CFB31BB1EB7DC6A007C9872 /* testOCRApp */ = {
			isa = PBXNativeTarget;
			buildConfigurationList = 5CFB31E71EB7DC6A007C9872 /* Build configuration list for PBXNativeTarget "testOCRApp" */;
			buildPhases = (
				FC6DFB3BA26BE7A9E82E5763 /* [CP] Check Pods Manifest.lock */,
				5CFB31B81EB7DC6A007C9872 /* Sources */,
				5CFB31B91EB7DC6A007C9872 /* Frameworks */,
				5CFB31BA1EB7DC6A007C9872 /* Resources */,
				FE05A5F8A48B4CDEB9F66F4C /* [CP] Embed Pods Frameworks */,
				4AFE1757C5B5B8831E6FA1EA /* [CP] Copy Pods Resources */,
			);
			buildRules = (
			);
			dependencies = (
			);
			name = testOCRApp;
			productName = testOCRApp;
			productReference = 5CFB31BC1EB7DC6A007C9872 /* testOCRApp.app */;
			productType = "com.apple.product-type.application";
		};
		5CFB31D21EB7DC6A007C9872 /* testOCRAppTests */ = {
			isa = PBXNativeTarget;
			buildConfigurationList = 5CFB31EA1EB7DC6A007C9872 /* Build configuration list for PBXNativeTarget "testOCRAppTests" */;
			buildPhases = (
				668349E508A51D6ABD5D9E00 /* [CP] Check Pods Manifest.lock */,
				5CFB31CF1EB7DC6A007C9872 /* Sources */,
				5CFB31D01EB7DC6A007C9872 /* Frameworks */,
				5CFB31D11EB7DC6A007C9872 /* Resources */,
				892EE5343B2C01E49608C356 /* [CP] Embed Pods Frameworks */,
				DC7F9CC5852BBAF3A208DF1C /* [CP] Copy Pods Resources */,
			);
			buildRules = (
			);
			dependencies = (
				5CFB31D51EB7DC6A007C9872 /* PBXTargetDependency */,
			);
			name = testOCRAppTests;
			productName = testOCRAppTests;
			productReference = 5CFB31D31EB7DC6A007C9872 /* testOCRAppTests.xctest */;
			productType = "com.apple.product-type.bundle.unit-test";
		};
		5CFB31DD1EB7DC6A007C9872 /* testOCRAppUITests */ = {
			isa = PBXNativeTarget;
			buildConfigurationList = 5CFB31ED1EB7DC6A007C9872 /* Build configuration list for PBXNativeTarget "testOCRAppUITests" */;
			buildPhases = (
				F1C6CB9B6247C0CB337F7A7E /* [CP] Check Pods Manifest.lock */,
				5CFB31DA1EB7DC6A007C9872 /* Sources */,
				5CFB31DB1EB7DC6A007C9872 /* Frameworks */,
				5CFB31DC1EB7DC6A007C9872 /* Resources */,
				B56966B06D730C61F7B7CB97 /* [CP] Embed Pods Frameworks */,
				FA00872B7DC2907434D9983B /* [CP] Copy Pods Resources */,
			);
			buildRules = (
			);
			dependencies = (
				5CFB31E01EB7DC6A007C9872 /* PBXTargetDependency */,
			);
			name = testOCRAppUITests;
			productName = testOCRAppUITests;
			productReference = 5CFB31DE1EB7DC6A007C9872 /* testOCRAppUITests.xctest */;
			productType = "com.apple.product-type.bundle.ui-testing";
		};
/* End PBXNativeTarget section */

/* Begin PBXProject section */
		5CFB31B41EB7DC6A007C9872 /* Project object */ = {
			isa = PBXProject;
			attributes = {
				LastSwiftUpdateCheck = 0830;
				LastUpgradeCheck = 0830;
				ORGANIZATIONNAME = "Benjamin Acevedo";
				TargetAttributes = {
					5CFB31BB1EB7DC6A007C9872 = {
						CreatedOnToolsVersion = 8.3.2;
						DevelopmentTeam = GC6QEA5FTD;
						ProvisioningStyle = Automatic;
					};
					5CFB31D21EB7DC6A007C9872 = {
						CreatedOnToolsVersion = 8.3.2;
						ProvisioningStyle = Automatic;
						TestTargetID = 5CFB31BB1EB7DC6A007C9872;
					};
					5CFB31DD1EB7DC6A007C9872 = {
						CreatedOnToolsVersion = 8.3.2;
						ProvisioningStyle = Automatic;
						TestTargetID = 5CFB31BB1EB7DC6A007C9872;
					};
				};
			};
			buildConfigurationList = 5CFB31B71EB7DC6A007C9872 /* Build configuration list for PBXProject "testOCRApp" */;
			compatibilityVersion = "Xcode 3.2";
			developmentRegion = English;
			hasScannedForEncodings = 0;
			knownRegions = (
				en,
				Base,
			);
			mainGroup = 5CFB31B31EB7DC6A007C9872;
			productRefGroup = 5CFB31BD1EB7DC6A007C9872 /* Products */;
			projectDirPath = "";
			projectRoot = "";
			targets = (
				5CFB31BB1EB7DC6A007C9872 /* testOCRApp */,
				5CFB31D21EB7DC6A007C9872 /* testOCRAppTests */,
				5CFB31DD1EB7DC6A007C9872 /* testOCRAppUITests */,
			);
		};
/* End PBXProject section */

/* Begin PBXResourcesBuildPhase section */
		5CFB31BA1EB7DC6A007C9872 /* Resources */ = {
			isa = PBXResourcesBuildPhase;
			buildActionMask = 2147483647;
			files = (
				5CFB31CD1EB7DC6A007C9872 /* LaunchScreen.storyboard in Resources */,
				5CFB31CA1EB7DC6A007C9872 /* Assets.xcassets in Resources */,
				5CFB31C51EB7DC6A007C9872 /* Main.storyboard in Resources */,
				5CFB31F11EB7DD36007C9872 /* testOCRApp in Resources */,
			);
			runOnlyForDeploymentPostprocessing = 0;
		};
		5CFB31D11EB7DC6A007C9872 /* Resources */ = {
			isa = PBXResourcesBuildPhase;
			buildActionMask = 2147483647;
			files = (
			);
			runOnlyForDeploymentPostprocessing = 0;
		};
		5CFB31DC1EB7DC6A007C9872 /* Resources */ = {
			isa = PBXResourcesBuildPhase;
			buildActionMask = 2147483647;
			files = (
			);
			runOnlyForDeploymentPostprocessing = 0;
		};
/* End PBXResourcesBuildPhase section */

/* Begin PBXShellScriptBuildPhase section */
		4AFE1757C5B5B8831E6FA1EA /* [CP] Copy Pods Resources */ = {
			isa = PBXShellScriptBuildPhase;
			buildActionMask = 2147483647;
			files = (
			);
			inputPaths = (
			);
			name = "[CP] Copy Pods Resources";
			outputPaths = (
			);
			runOnlyForDeploymentPostprocessing = 0;
			shellPath = /bin/sh;
			shellScript = "\"${SRCROOT}/Pods/Target Support Files/Pods-testOCRApp/Pods-testOCRApp-resources.sh\"\n";
			showEnvVarsInLog = 0;
		};
		668349E508A51D6ABD5D9E00 /* [CP] Check Pods Manifest.lock */ = {
			isa = PBXShellScriptBuildPhase;
			buildActionMask = 2147483647;
			files = (
			);
			inputPaths = (
			);
			name = "[CP] Check Pods Manifest.lock";
			outputPaths = (
			);
			runOnlyForDeploymentPostprocessing = 0;
			shellPath = /bin/sh;
			shellScript = "diff \"${PODS_ROOT}/../Podfile.lock\" \"${PODS_ROOT}/Manifest.lock\" > /dev/null\nif [ $? != 0 ] ; then\n    # print error to STDERR\n    echo \"error: The sandbox is not in sync with the Podfile.lock. Run 'pod install' or update your CocoaPods installation.\" >&2\n    exit 1\nfi\n";
			showEnvVarsInLog = 0;
		};
		892EE5343B2C01E49608C356 /* [CP] Embed Pods Frameworks */ = {
			isa = PBXShellScriptBuildPhase;
			buildActionMask = 2147483647;
			files = (
			);
			inputPaths = (
			);
			name = "[CP] Embed Pods Frameworks";
			outputPaths = (
			);
			runOnlyForDeploymentPostprocessing = 0;
			shellPath = /bin/sh;
			shellScript = "\"${SRCROOT}/Pods/Target Support Files/Pods-testOCRAppTests/Pods-testOCRAppTests-frameworks.sh\"\n";
			showEnvVarsInLog = 0;
		};
		B56966B06D730C61F7B7CB97 /* [CP] Embed Pods Frameworks */ = {
			isa = PBXShellScriptBuildPhase;
			buildActionMask = 2147483647;
			files = (
			);
			inputPaths = (
			);
			name = "[CP] Embed Pods Frameworks";
			outputPaths = (
			);
			runOnlyForDeploymentPostprocessing = 0;
			shellPath = /bin/sh;
			shellScript = "\"${SRCROOT}/Pods/Target Support Files/Pods-testOCRAppUITests/Pods-testOCRAppUITests-frameworks.sh\"\n";
			showEnvVarsInLog = 0;
		};
		DC7F9CC5852BBAF3A208DF1C /* [CP] Copy Pods Resources */ = {
			isa = PBXShellScriptBuildPhase;
			buildActionMask = 2147483647;
			files = (
			);
			inputPaths = (
			);
			name = "[CP] Copy Pods Resources";
			outputPaths = (
			);
			runOnlyForDeploymentPostprocessing = 0;
			shellPath = /bin/sh;
			shellScript = "\"${SRCROOT}/Pods/Target Support Files/Pods-testOCRAppTests/Pods-testOCRAppTests-resources.sh\"\n";
			showEnvVarsInLog = 0;
		};
		F1C6CB9B6247C0CB337F7A7E /* [CP] Check Pods Manifest.lock */ = {
			isa = PBXShellScriptBuildPhase;
			buildActionMask = 2147483647;
			files = (
			);
			inputPaths = (
			);
			name = "[CP] Check Pods Manifest.lock";
			outputPaths = (
			);
			runOnlyForDeploymentPostprocessing = 0;
			shellPath = /bin/sh;
			shellScript = "diff \"${PODS_ROOT}/../Podfile.lock\" \"${PODS_ROOT}/Manifest.lock\" > /dev/null\nif [ $? != 0 ] ; then\n    # print error to STDERR\n    echo \"error: The sandbox is not in sync with the Podfile.lock. Run 'pod install' or update your CocoaPods installation.\" >&2\n    exit 1\nfi\n";
			showEnvVarsInLog = 0;
		};
		FA00872B7DC2907434D9983B /* [CP] Copy Pods Resources */ = {
			isa = PBXShellScriptBuildPhase;
			buildActionMask = 2147483647;
			files = (
			);
			inputPaths = (
			);
			name = "[CP] Copy Pods Resources";
			outputPaths = (
			);
			runOnlyForDeploymentPostprocessing = 0;
			shellPath = /bin/sh;
			shellScript = "\"${SRCROOT}/Pods/Target Support Files/Pods-testOCRAppUITests/Pods-testOCRAppUITests-resources.sh\"\n";
			showEnvVarsInLog = 0;
		};
		FC6DFB3BA26BE7A9E82E5763 /* [CP] Check Pods Manifest.lock */ = {
			isa = PBXShellScriptBuildPhase;
			buildActionMask = 2147483647;
			files = (
			);
			inputPaths = (
			);
			name = "[CP] Check Pods Manifest.lock";
			outputPaths = (
			);
			runOnlyForDeploymentPostprocessing = 0;
			shellPath = /bin/sh;
			shellScript = "diff \"${PODS_ROOT}/../Podfile.lock\" \"${PODS_ROOT}/Manifest.lock\" > /dev/null\nif [ $? != 0 ] ; then\n    # print error to STDERR\n    echo \"error: The sandbox is not in sync with the Podfile.lock. Run 'pod install' or update your CocoaPods installation.\" >&2\n    exit 1\nfi\n";
			showEnvVarsInLog = 0;
		};
		FE05A5F8A48B4CDEB9F66F4C /* [CP] Embed Pods Frameworks */ = {
			isa = PBXShellScriptBuildPhase;
			buildActionMask = 2147483647;
			files = (
			);
			inputPaths = (
			);
			name = "[CP] Embed Pods Frameworks";
			outputPaths = (
			);
			runOnlyForDeploymentPostprocessing = 0;
			shellPath = /bin/sh;
			shellScript = "\"${SRCROOT}/Pods/Target Support Files/Pods-testOCRApp/Pods-testOCRApp-frameworks.sh\"\n";
			showEnvVarsInLog = 0;
		};
/* End PBXShellScriptBuildPhase section */

/* Begin PBXSourcesBuildPhase section */
		5CFB31B81EB7DC6A007C9872 /* Sources */ = {
			isa = PBXSourcesBuildPhase;
			buildActionMask = 2147483647;
			files = (
				5CFB31C21EB7DC6A007C9872 /* ViewController.swift in Sources */,
				5CFB31C81EB7DC6A007C9872 /* testOCRApp.xcdatamodeld in Sources */,
				5CFB31C01EB7DC6A007C9872 /* AppDelegate.swift in Sources */,
			);
			runOnlyForDeploymentPostprocessing = 0;
		};
		5CFB31CF1EB7DC6A007C9872 /* Sources */ = {
			isa = PBXSourcesBuildPhase;
			buildActionMask = 2147483647;
			files = (
				5CFB31D81EB7DC6A007C9872 /* testOCRAppTests.swift in Sources */,
			);
			runOnlyForDeploymentPostprocessing = 0;
		};
		5CFB31DA1EB7DC6A007C9872 /* Sources */ = {
			isa = PBXSourcesBuildPhase;
			buildActionMask = 2147483647;
			files = (
				5CFB31E31EB7DC6A007C9872 /* testOCRAppUITests.swift in Sources */,
			);
			runOnlyForDeploymentPostprocessing = 0;
		};
/* End PBXSourcesBuildPhase section */

/* Begin PBXTargetDependency section */
		5CFB31D51EB7DC6A007C9872 /* PBXTargetDependency */ = {
			isa = PBXTargetDependency;
			target = 5CFB31BB1EB7DC6A007C9872 /* testOCRApp */;
			targetProxy = 5CFB31D41EB7DC6A007C9872 /* PBXContainerItemProxy */;
		};
		5CFB31E01EB7DC6A007C9872 /* PBXTargetDependency */ = {
			isa = PBXTargetDependency;
			target = 5CFB31BB1EB7DC6A007C9872 /* testOCRApp */;
			targetProxy = 5CFB31DF1EB7DC6A007C9872 /* PBXContainerItemProxy */;
		};
/* End PBXTargetDependency section */

/* Begin PBXVariantGroup section */
		5CFB31C31EB7DC6A007C9872 /* Main.storyboard */ = {
			isa = PBXVariantGroup;
			children = (
				5CFB31C41EB7DC6A007C9872 /* Base */,
			);
			name = Main.storyboard;
			sourceTree = "<group>";
		};
		5CFB31CB1EB7DC6A007C9872 /* LaunchScreen.storyboard */ = {
			isa = PBXVariantGroup;
			children = (
				5CFB31CC1EB7DC6A007C9872 /* Base */,
			);
			name = LaunchScreen.storyboard;
			sourceTree = "<group>";
		};
/* End PBXVariantGroup section */

/* Begin XCBuildConfiguration section */
		5CFB31E51EB7DC6A007C9872 /* Debug */ = {
			isa = XCBuildConfiguration;
			buildSettings = {
				ALWAYS_SEARCH_USER_PATHS = NO;
				CLANG_ANALYZER_NONNULL = YES;
				CLANG_ANALYZER_NUMBER_OBJECT_CONVERSION = YES_AGGRESSIVE;
				CLANG_CXX_LANGUAGE_STANDARD = "gnu++0x";
				CLANG_CXX_LIBRARY = "libc++";
				CLANG_ENABLE_MODULES = YES;
				CLANG_ENABLE_OBJC_ARC = YES;
				CLANG_WARN_BOOL_CONVERSION = YES;
				CLANG_WARN_CONSTANT_CONVERSION = YES;
				CLANG_WARN_DIRECT_OBJC_ISA_USAGE = YES_ERROR;
				CLANG_WARN_DOCUMENTATION_COMMENTS = YES;
				CLANG_WARN_EMPTY_BODY = YES;
				CLANG_WARN_ENUM_CONVERSION = YES;
				CLANG_WARN_INFINITE_RECURSION = YES;
				CLANG_WARN_INT_CONVERSION = YES;
				CLANG_WARN_OBJC_ROOT_CLASS = YES_ERROR;
				CLANG_WARN_SUSPICIOUS_MOVE = YES;
				CLANG_WARN_UNREACHABLE_CODE = YES;
				CLANG_WARN__DUPLICATE_METHOD_MATCH = YES;
				"CODE_SIGN_IDENTITY[sdk=iphoneos*]" = "iPhone Developer";
				COPY_PHASE_STRIP = NO;
				DEBUG_INFORMATION_FORMAT = dwarf;
				ENABLE_STRICT_OBJC_MSGSEND = YES;
				ENABLE_TESTABILITY = YES;
				GCC_C_LANGUAGE_STANDARD = gnu99;
				GCC_DYNAMIC_NO_PIC = NO;
				GCC_NO_COMMON_BLOCKS = YES;
				GCC_OPTIMIZATION_LEVEL = 0;
				GCC_PREPROCESSOR_DEFINITIONS = (
					"DEBUG=1",
					"$(inherited)",
				);
				GCC_WARN_64_TO_32_BIT_CONVERSION = YES;
				GCC_WARN_ABOUT_RETURN_TYPE = YES_ERROR;
				GCC_WARN_UNDECLARED_SELECTOR = YES;
				GCC_WARN_UNINITIALIZED_AUTOS = YES_AGGRESSIVE;
				GCC_WARN_UNUSED_FUNCTION = YES;
				GCC_WARN_UNUSED_VARIABLE = YES;
				IPHONEOS_DEPLOYMENT_TARGET = 10.3;
				MTL_ENABLE_DEBUG_INFO = YES;
				ONLY_ACTIVE_ARCH = YES;
				SDKROOT = iphoneos;
				SWIFT_ACTIVE_COMPILATION_CONDITIONS = DEBUG;
				SWIFT_OPTIMIZATION_LEVEL = "-Onone";
				TARGETED_DEVICE_FAMILY = "1,2";
			};
			name = Debug;
		};
		5CFB31E61EB7DC6A007C9872 /* Release */ = {
			isa = XCBuildConfiguration;
			buildSettings = {
				ALWAYS_SEARCH_USER_PATHS = NO;
				CLANG_ANALYZER_NONNULL = YES;
				CLANG_ANALYZER_NUMBER_OBJECT_CONVERSION = YES_AGGRESSIVE;
				CLANG_CXX_LANGUAGE_STANDARD = "gnu++0x";
				CLANG_CXX_LIBRARY = "libc++";
				CLANG_ENABLE_MODULES = YES;
				CLANG_ENABLE_OBJC_ARC = YES;
				CLANG_WARN_BOOL_CONVERSION = YES;
				CLANG_WARN_CONSTANT_CONVERSION = YES;
				CLANG_WARN_DIRECT_OBJC_ISA_USAGE = YES_ERROR;
				CLANG_WARN_DOCUMENTATION_COMMENTS = YES;
				CLANG_WARN_EMPTY_BODY = YES;
				CLANG_WARN_ENUM_CONVERSION = YES;
				CLANG_WARN_INFINITE_RECURSION = YES;
				CLANG_WARN_INT_CONVERSION = YES;
				CLANG_WARN_OBJC_ROOT_CLASS = YES_ERROR;
				CLANG_WARN_SUSPICIOUS_MOVE = YES;
				CLANG_WARN_UNREACHABLE_CODE = YES;
				CLANG_WARN__DUPLICATE_METHOD_MATCH = YES;
				"CODE_SIGN_IDENTITY[sdk=iphoneos*]" = "iPhone Developer";
				COPY_PHASE_STRIP = NO;
				DEBUG_INFORMATION_FORMAT = "dwarf-with-dsym";
				ENABLE_NS_ASSERTIONS = NO;
				ENABLE_STRICT_OBJC_MSGSEND = YES;
				GCC_C_LANGUAGE_STANDARD = gnu99;
				GCC_NO_COMMON_BLOCKS = YES;
				GCC_WARN_64_TO_32_BIT_CONVERSION = YES;
				GCC_WARN_ABOUT_RETURN_TYPE = YES_ERROR;
				GCC_WARN_UNDECLARED_SELECTOR = YES;
				GCC_WARN_UNINITIALIZED_AUTOS = YES_AGGRESSIVE;
				GCC_WARN_UNUSED_FUNCTION = YES;
				GCC_WARN_UNUSED_VARIABLE = YES;
				IPHONEOS_DEPLOYMENT_TARGET = 10.3;
				MTL_ENABLE_DEBUG_INFO = NO;
				SDKROOT = iphoneos;
				SWIFT_OPTIMIZATION_LEVEL = "-Owholemodule";
				TARGETED_DEVICE_FAMILY = "1,2";
				VALIDATE_PRODUCT = YES;
			};
			name = Release;
		};
		5CFB31E81EB7DC6A007C9872 /* Debug */ = {
			isa = XCBuildConfiguration;
			baseConfigurationReference = 247D562282B321E555DCE47D /* Pods-testOCRApp.debug.xcconfig */;
			buildSettings = {
				ASSETCATALOG_COMPILER_APPICON_NAME = AppIcon;
				DEVELOPMENT_TEAM = GC6QEA5FTD;
				FRAMEWORK_SEARCH_PATHS = (
					"$(inherited)/**",
					"\"$PODS_CONFIGURATION_BUILD_DIR/GPUImage\"",
					"\"$PODS_CONFIGURATION_BUILD_DIR/SwiftOCR\"/**",
				);
				INFOPLIST_FILE = testOCRApp/Info.plist;
				LD_RUNPATH_SEARCH_PATHS = "$(inherited) @executable_path/Frameworks";
				PRODUCT_BUNDLE_IDENTIFIER = DBCwildpigs.AlamoFireTest;
				PRODUCT_NAME = "$(TARGET_NAME)";
				SWIFT_VERSION = 3.0;
			};
			name = Debug;
		};
		5CFB31E91EB7DC6A007C9872 /* Release */ = {
			isa = XCBuildConfiguration;
			baseConfigurationReference = A8341130614B758BB05C1EEC /* Pods-testOCRApp.release.xcconfig */;
			buildSettings = {
				ASSETCATALOG_COMPILER_APPICON_NAME = AppIcon;
				DEVELOPMENT_TEAM = GC6QEA5FTD;
				FRAMEWORK_SEARCH_PATHS = (
					"$(inherited)/**",
					"\"$PODS_CONFIGURATION_BUILD_DIR/GPUImage\"",
					"\"$PODS_CONFIGURATION_BUILD_DIR/SwiftOCR\"/**",
				);
				INFOPLIST_FILE = testOCRApp/Info.plist;
				LD_RUNPATH_SEARCH_PATHS = "$(inherited) @executable_path/Frameworks";
				PRODUCT_BUNDLE_IDENTIFIER = DBCwildpigs.AlamoFireTest;
				PRODUCT_NAME = "$(TARGET_NAME)";
				SWIFT_VERSION = 3.0;
			};
			name = Release;
		};
		5CFB31EB1EB7DC6A007C9872 /* Debug */ = {
			isa = XCBuildConfiguration;
			baseConfigurationReference = 8E67B4FE2D43E626D95C38FA /* Pods-testOCRAppTests.debug.xcconfig */;
			buildSettings = {
				ALWAYS_EMBED_SWIFT_STANDARD_LIBRARIES = YES;
				BUNDLE_LOADER = "$(TEST_HOST)";
				INFOPLIST_FILE = testOCRAppTests/Info.plist;
				LD_RUNPATH_SEARCH_PATHS = "$(inherited) @executable_path/Frameworks @loader_path/Frameworks";
				PRODUCT_BUNDLE_IDENTIFIER = waxedmoustache.testOCRAppTests;
				PRODUCT_NAME = "$(TARGET_NAME)";
				SWIFT_VERSION = 3.0;
				TEST_HOST = "$(BUILT_PRODUCTS_DIR)/testOCRApp.app/testOCRApp";
			};
			name = Debug;
		};
		5CFB31EC1EB7DC6A007C9872 /* Release */ = {
			isa = XCBuildConfiguration;
			baseConfigurationReference = 5E7E49ED7F2129BC2DC2D666 /* Pods-testOCRAppTests.release.xcconfig */;
			buildSettings = {
				ALWAYS_EMBED_SWIFT_STANDARD_LIBRARIES = YES;
				BUNDLE_LOADER = "$(TEST_HOST)";
				INFOPLIST_FILE = testOCRAppTests/Info.plist;
				LD_RUNPATH_SEARCH_PATHS = "$(inherited) @executable_path/Frameworks @loader_path/Frameworks";
				PRODUCT_BUNDLE_IDENTIFIER = waxedmoustache.testOCRAppTests;
				PRODUCT_NAME = "$(TARGET_NAME)";
				SWIFT_VERSION = 3.0;
				TEST_HOST = "$(BUILT_PRODUCTS_DIR)/testOCRApp.app/testOCRApp";
			};
			name = Release;
		};
		5CFB31EE1EB7DC6A007C9872 /* Debug */ = {
			isa = XCBuildConfiguration;
			baseConfigurationReference = B28CDC6EDCA5E408AFEF6BC1 /* Pods-testOCRAppUITests.debug.xcconfig */;
			buildSettings = {
				ALWAYS_EMBED_SWIFT_STANDARD_LIBRARIES = YES;
				INFOPLIST_FILE = testOCRAppUITests/Info.plist;
				LD_RUNPATH_SEARCH_PATHS = "$(inherited) @executable_path/Frameworks @loader_path/Frameworks";
				PRODUCT_BUNDLE_IDENTIFIER = waxedmoustache.testOCRAppUITests;
				PRODUCT_NAME = "$(TARGET_NAME)";
				SWIFT_VERSION = 3.0;
				TEST_TARGET_NAME = testOCRApp;
			};
			name = Debug;
		};
		5CFB31EF1EB7DC6A007C9872 /* Release */ = {
			isa = XCBuildConfiguration;
			baseConfigurationReference = 8FBC3045CB9598F61F5713AB /* Pods-testOCRAppUITests.release.xcconfig */;
			buildSettings = {
				ALWAYS_EMBED_SWIFT_STANDARD_LIBRARIES = YES;
				INFOPLIST_FILE = testOCRAppUITests/Info.plist;
				LD_RUNPATH_SEARCH_PATHS = "$(inherited) @executable_path/Frameworks @loader_path/Frameworks";
				PRODUCT_BUNDLE_IDENTIFIER = waxedmoustache.testOCRAppUITests;
				PRODUCT_NAME = "$(TARGET_NAME)";
				SWIFT_VERSION = 3.0;
				TEST_TARGET_NAME = testOCRApp;
			};
			name = Release;
		};
/* End XCBuildConfiguration section */

/* Begin XCConfigurationList section */
		5CFB31B71EB7DC6A007C9872 /* Build configuration list for PBXProject "testOCRApp" */ = {
			isa = XCConfigurationList;
			buildConfigurations = (
				5CFB31E51EB7DC6A007C9872 /* Debug */,
				5CFB31E61EB7DC6A007C9872 /* Release */,
			);
			defaultConfigurationIsVisible = 0;
			defaultConfigurationName = Release;
		};
		5CFB31E71EB7DC6A007C9872 /* Build configuration list for PBXNativeTarget "testOCRApp" */ = {
			isa = XCConfigurationList;
			buildConfigurations = (
				5CFB31E81EB7DC6A007C9872 /* Debug */,
				5CFB31E91EB7DC6A007C9872 /* Release */,
			);
			defaultConfigurationIsVisible = 0;
			defaultConfigurationName = Release;
		};
		5CFB31EA1EB7DC6A007C9872 /* Build configuration list for PBXNativeTarget "testOCRAppTests" */ = {
			isa = XCConfigurationList;
			buildConfigurations = (
				5CFB31EB1EB7DC6A007C9872 /* Debug */,
				5CFB31EC1EB7DC6A007C9872 /* Release */,
			);
			defaultConfigurationIsVisible = 0;
			defaultConfigurationName = Release;
		};
		5CFB31ED1EB7DC6A007C9872 /* Build configuration list for PBXNativeTarget "testOCRAppUITests" */ = {
			isa = XCConfigurationList;
			buildConfigurations = (
				5CFB31EE1EB7DC6A007C9872 /* Debug */,
				5CFB31EF1EB7DC6A007C9872 /* Release */,
			);
			defaultConfigurationIsVisible = 0;
			defaultConfigurationName = Release;
		};
/* End XCConfigurationList section */

/* Begin XCVersionGroup section */
		5CFB31C61EB7DC6A007C9872 /* testOCRApp.xcdatamodeld */ = {
			isa = XCVersionGroup;
			children = (
				5CFB31C71EB7DC6A007C9872 /* testOCRApp.xcdatamodel */,
			);
			currentVersion = 5CFB31C71EB7DC6A007C9872 /* testOCRApp.xcdatamodel */;
			path = testOCRApp.xcdatamodeld;
			sourceTree = "<group>";
			versionGroupType = wrapper.xcdatamodel;
		};
/* End XCVersionGroup section */
	};
	rootObject = 5CFB31B41EB7DC6A007C9872 /* Project object */;
}
